// !$*UTF8*$!
{
	archiveVersion = 1;
	classes = {
	};
	objectVersion = 46;
	objects = {

/* Begin PBXBuildFile section */
		8D11072D0486CEB800E47090 /* main.m in Sources */ = {isa = PBXBuildFile; fileRef = 29B97316FDCFA39411CA2CEA /* main.m */; settings = {ATTRIBUTES = (); }; };
		8D11072F0486CEB800E47090 /* Cocoa.framework in Frameworks */ = {isa = PBXBuildFile; fileRef = 1058C7A1FEA54F0111CA2CBB /* Cocoa.framework */; };
		F56116B219E9299F00D304AC /* CrashSymbolicate.m in Sources */ = {isa = PBXBuildFile; fileRef = F56116AF19E9299F00D304AC /* CrashSymbolicate.m */; };
		F56116B319E9299F00D304AC /* CrashSymbolicateAppDelegate.m in Sources */ = {isa = PBXBuildFile; fileRef = F56116B119E9299F00D304AC /* CrashSymbolicateAppDelegate.m */; };
		F56116B719E929E600D304AC /* Icon.icns in Resources */ = {isa = PBXBuildFile; fileRef = F56116B519E929E600D304AC /* Icon.icns */; };
		F56116B819E929E600D304AC /* OpenPanelIcon.png in Resources */ = {isa = PBXBuildFile; fileRef = F56116B619E929E600D304AC /* OpenPanelIcon.png */; };
		F56116C619E929FB00D304AC /* InfoPlist.strings in Resources */ = {isa = PBXBuildFile; fileRef = F56116C219E929FB00D304AC /* InfoPlist.strings */; };
		F56116C719E929FB00D304AC /* MainMenu.xib in Resources */ = {isa = PBXBuildFile; fileRef = F56116C419E929FB00D304AC /* MainMenu.xib */; };
		F5F9E8BC1B466C18004F9F8B /* TouchBlockerNSView.m in Sources */ = {isa = PBXBuildFile; fileRef = F5F9E8BB1B466C18004F9F8B /* TouchBlockerNSView.m */; };
/* End PBXBuildFile section */

/* Begin PBXFileReference section */
		1058C7A1FEA54F0111CA2CBB /* Cocoa.framework */ = {isa = PBXFileReference; lastKnownFileType = wrapper.framework; name = Cocoa.framework; path = /System/Library/Frameworks/Cocoa.framework; sourceTree = "<absolute>"; };
		13E42FB307B3F0F600E4EEF1 /* CoreData.framework */ = {isa = PBXFileReference; lastKnownFileType = wrapper.framework; name = CoreData.framework; path = /System/Library/Frameworks/CoreData.framework; sourceTree = "<absolute>"; };
		256AC3F00F4B6AF500CF3369 /* CrashSymbolicate_Prefix.pch */ = {isa = PBXFileReference; fileEncoding = 4; lastKnownFileType = sourcecode.c.h; path = CrashSymbolicate_Prefix.pch; sourceTree = "<group>"; };
		29B97316FDCFA39411CA2CEA /* main.m */ = {isa = PBXFileReference; fileEncoding = 4; lastKnownFileType = sourcecode.c.objc; path = main.m; sourceTree = "<group>"; };
		29B97324FDCFA39411CA2CEA /* AppKit.framework */ = {isa = PBXFileReference; lastKnownFileType = wrapper.framework; name = AppKit.framework; path = /System/Library/Frameworks/AppKit.framework; sourceTree = "<absolute>"; };
		29B97325FDCFA39411CA2CEA /* Foundation.framework */ = {isa = PBXFileReference; lastKnownFileType = wrapper.framework; name = Foundation.framework; path = /System/Library/Frameworks/Foundation.framework; sourceTree = "<absolute>"; };
		8D1107320486CEB800E47090 /* Crash Symbolicator.app */ = {isa = PBXFileReference; explicitFileType = wrapper.application; includeInIndex = 0; path = "Crash Symbolicator.app"; sourceTree = BUILT_PRODUCTS_DIR; };
		F56116AE19E9299F00D304AC /* CrashSymbolicate.h */ = {isa = PBXFileReference; fileEncoding = 4; lastKnownFileType = sourcecode.c.h; name = CrashSymbolicate.h; path = Classes/CrashSymbolicate.h; sourceTree = "<group>"; };
		F56116AF19E9299F00D304AC /* CrashSymbolicate.m */ = {isa = PBXFileReference; fileEncoding = 4; lastKnownFileType = sourcecode.c.objc; name = CrashSymbolicate.m; path = Classes/CrashSymbolicate.m; sourceTree = "<group>"; };
		F56116B019E9299F00D304AC /* CrashSymbolicateAppDelegate.h */ = {isa = PBXFileReference; fileEncoding = 4; lastKnownFileType = sourcecode.c.h; name = CrashSymbolicateAppDelegate.h; path = Classes/CrashSymbolicateAppDelegate.h; sourceTree = "<group>"; };
		F56116B119E9299F00D304AC /* CrashSymbolicateAppDelegate.m */ = {isa = PBXFileReference; fileEncoding = 4; lastKnownFileType = sourcecode.c.objc; name = CrashSymbolicateAppDelegate.m; path = Classes/CrashSymbolicateAppDelegate.m; sourceTree = "<group>"; };
		F56116B519E929E600D304AC /* Icon.icns */ = {isa = PBXFileReference; lastKnownFileType = image.icns; path = Icon.icns; sourceTree = "<group>"; };
		F56116B619E929E600D304AC /* OpenPanelIcon.png */ = {isa = PBXFileReference; lastKnownFileType = image.png; path = OpenPanelIcon.png; sourceTree = "<group>"; };
		F56116C319E929FB00D304AC /* English */ = {isa = PBXFileReference; lastKnownFileType = text.plist.strings; name = English; path = Resources/English.lproj/InfoPlist.strings; sourceTree = "<group>"; };
		F56116C519E929FB00D304AC /* English */ = {isa = PBXFileReference; lastKnownFileType = file.xib; name = English; path = Resources/English.lproj/MainMenu.xib; sourceTree = "<group>"; };
		F56116C819E92A7600D304AC /* CrashSymbolicate-Info.plist */ = {isa = PBXFileReference; fileEncoding = 4; lastKnownFileType = text.plist.xml; path = "CrashSymbolicate-Info.plist"; sourceTree = "<group>"; };
		F5F9E8BA1B466C18004F9F8B /* TouchBlockerNSView.h */ = {isa = PBXFileReference; fileEncoding = 4; lastKnownFileType = sourcecode.c.h; name = TouchBlockerNSView.h; path = Classes/TouchBlockerNSView.h; sourceTree = "<group>"; };
		F5F9E8BB1B466C18004F9F8B /* TouchBlockerNSView.m */ = {isa = PBXFileReference; fileEncoding = 4; lastKnownFileType = sourcecode.c.objc; name = TouchBlockerNSView.m; path = Classes/TouchBlockerNSView.m; sourceTree = "<group>"; };
/* End PBXFileReference section */

/* Begin PBXFrameworksBuildPhase section */
		8D11072E0486CEB800E47090 /* Frameworks */ = {
			isa = PBXFrameworksBuildPhase;
			buildActionMask = 2147483647;
			files = (
				8D11072F0486CEB800E47090 /* Cocoa.framework in Frameworks */,
			);
			runOnlyForDeploymentPostprocessing = 0;
		};
/* End PBXFrameworksBuildPhase section */

/* Begin PBXGroup section */
		080E96DDFE201D6D7F000001 /* Classes */ = {
			isa = PBXGroup;
			children = (
				F56116AE19E9299F00D304AC /* CrashSymbolicate.h */,
				F56116AF19E9299F00D304AC /* CrashSymbolicate.m */,
				F56116B019E9299F00D304AC /* CrashSymbolicateAppDelegate.h */,
				F56116B119E9299F00D304AC /* CrashSymbolicateAppDelegate.m */,
				F5F9E8BA1B466C18004F9F8B /* TouchBlockerNSView.h */,
				F5F9E8BB1B466C18004F9F8B /* TouchBlockerNSView.m */,
			);
			name = Classes;
			sourceTree = "<group>";
		};
		1058C7A0FEA54F0111CA2CBB /* Linked Frameworks */ = {
			isa = PBXGroup;
			children = (
				1058C7A1FEA54F0111CA2CBB /* Cocoa.framework */,
			);
			name = "Linked Frameworks";
			sourceTree = "<group>";
		};
		1058C7A2FEA54F0111CA2CBB /* Other Frameworks */ = {
			isa = PBXGroup;
			children = (
				29B97324FDCFA39411CA2CEA /* AppKit.framework */,
				13E42FB307B3F0F600E4EEF1 /* CoreData.framework */,
				29B97325FDCFA39411CA2CEA /* Foundation.framework */,
			);
			name = "Other Frameworks";
			sourceTree = "<group>";
		};
		19C28FACFE9D520D11CA2CBB /* Products */ = {
			isa = PBXGroup;
			children = (
				8D1107320486CEB800E47090 /* Crash Symbolicator.app */,
			);
			name = Products;
			sourceTree = "<group>";
		};
		29B97314FDCFA39411CA2CEA /* CrashSymbolicate */ = {
			isa = PBXGroup;
			children = (
				080E96DDFE201D6D7F000001 /* Classes */,
				29B97315FDCFA39411CA2CEA /* Other Sources */,
				29B97317FDCFA39411CA2CEA /* Resources */,
				29B97323FDCFA39411CA2CEA /* Frameworks */,
				19C28FACFE9D520D11CA2CBB /* Products */,
			);
			name = CrashSymbolicate;
			sourceTree = "<group>";
		};
		29B97315FDCFA39411CA2CEA /* Other Sources */ = {
			isa = PBXGroup;
			children = (
				256AC3F00F4B6AF500CF3369 /* CrashSymbolicate_Prefix.pch */,
				29B97316FDCFA39411CA2CEA /* main.m */,
			);
			name = "Other Sources";
			sourceTree = "<group>";
		};
		29B97317FDCFA39411CA2CEA /* Resources */ = {
			isa = PBXGroup;
			children = (
				F56116C819E92A7600D304AC /* CrashSymbolicate-Info.plist */,
				F56116C219E929FB00D304AC /* InfoPlist.strings */,
				F56116C419E929FB00D304AC /* MainMenu.xib */,
				F56116B419E929E600D304AC /* Images */,
			);
			name = Resources;
			sourceTree = "<group>";
		};
		29B97323FDCFA39411CA2CEA /* Frameworks */ = {
			isa = PBXGroup;
			children = (
				1058C7A0FEA54F0111CA2CBB /* Linked Frameworks */,
				1058C7A2FEA54F0111CA2CBB /* Other Frameworks */,
			);
			name = Frameworks;
			sourceTree = "<group>";
		};
		F56116B419E929E600D304AC /* Images */ = {
			isa = PBXGroup;
			children = (
				F56116B519E929E600D304AC /* Icon.icns */,
				F56116B619E929E600D304AC /* OpenPanelIcon.png */,
			);
			name = Images;
			path = Resources/Images;
			sourceTree = "<group>";
		};
/* End PBXGroup section */

/* Begin PBXNativeTarget section */
		8D1107260486CEB800E47090 /* CrashSymbolicate */ = {
			isa = PBXNativeTarget;
			buildConfigurationList = C01FCF4A08A954540054247B /* Build configuration list for PBXNativeTarget "CrashSymbolicate" */;
			buildPhases = (
				8D1107290486CEB800E47090 /* Resources */,
				8D11072C0486CEB800E47090 /* Sources */,
				8D11072E0486CEB800E47090 /* Frameworks */,
			);
			buildRules = (
			);
			dependencies = (
			);
			name = CrashSymbolicate;
			productInstallPath = "$(HOME)/Applications";
			productName = CrashSymbolicate;
			productReference = 8D1107320486CEB800E47090 /* Crash Symbolicator.app */;
			productType = "com.apple.product-type.application";
		};
/* End PBXNativeTarget section */

/* Begin PBXProject section */
		29B97313FDCFA39411CA2CEA /* Project object */ = {
			isa = PBXProject;
			attributes = {
				LastUpgradeCheck = 0630;
				ORGANIZATIONNAME = www.vikasjalan.com;
			};
			buildConfigurationList = C01FCF4E08A954540054247B /* Build configuration list for PBXProject "CrashSymbolicate" */;
			compatibilityVersion = "Xcode 3.2";
			developmentRegion = English;
			hasScannedForEncodings = 1;
			knownRegions = (
				English,
				Japanese,
				French,
				German,
			);
			mainGroup = 29B97314FDCFA39411CA2CEA /* CrashSymbolicate */;
			projectDirPath = "";
			projectRoot = "";
			targets = (
				8D1107260486CEB800E47090 /* CrashSymbolicate */,
			);
		};
/* End PBXProject section */

/* Begin PBXResourcesBuildPhase section */
		8D1107290486CEB800E47090 /* Resources */ = {
			isa = PBXResourcesBuildPhase;
			buildActionMask = 2147483647;
			files = (
				F56116B719E929E600D304AC /* Icon.icns in Resources */,
				F56116C719E929FB00D304AC /* MainMenu.xib in Resources */,
				F56116C619E929FB00D304AC /* InfoPlist.strings in Resources */,
				F56116B819E929E600D304AC /* OpenPanelIcon.png in Resources */,
			);
			runOnlyForDeploymentPostprocessing = 0;
		};
/* End PBXResourcesBuildPhase section */

/* Begin PBXSourcesBuildPhase section */
		8D11072C0486CEB800E47090 /* Sources */ = {
			isa = PBXSourcesBuildPhase;
			buildActionMask = 2147483647;
			files = (
				F5F9E8BC1B466C18004F9F8B /* TouchBlockerNSView.m in Sources */,
				F56116B319E9299F00D304AC /* CrashSymbolicateAppDelegate.m in Sources */,
				F56116B219E9299F00D304AC /* CrashSymbolicate.m in Sources */,
				8D11072D0486CEB800E47090 /* main.m in Sources */,
			);
			runOnlyForDeploymentPostprocessing = 0;
		};
/* End PBXSourcesBuildPhase section */

/* Begin PBXVariantGroup section */
		F56116C219E929FB00D304AC /* InfoPlist.strings */ = {
			isa = PBXVariantGroup;
			children = (
				F56116C319E929FB00D304AC /* English */,
			);
			name = InfoPlist.strings;
			sourceTree = "<group>";
		};
		F56116C419E929FB00D304AC /* MainMenu.xib */ = {
			isa = PBXVariantGroup;
			children = (
				F56116C519E929FB00D304AC /* English */,
			);
			name = MainMenu.xib;
			sourceTree = "<group>";
		};
/* End PBXVariantGroup section */

/* Begin XCBuildConfiguration section */
		C01FCF4B08A954540054247B /* Debug */ = {
			isa = XCBuildConfiguration;
			buildSettings = {
				ALWAYS_SEARCH_USER_PATHS = NO;
				COMBINE_HIDPI_IMAGES = YES;
				COPY_PHASE_STRIP = NO;
				GCC_DYNAMIC_NO_PIC = NO;
				GCC_ENABLE_FIX_AND_CONTINUE = YES;
				GCC_MODEL_TUNING = G5;
				GCC_OPTIMIZATION_LEVEL = 0;
				GCC_PRECOMPILE_PREFIX_HEADER = YES;
				GCC_PREFIX_HEADER = CrashSymbolicate_Prefix.pch;
				INFOPLIST_FILE = "CrashSymbolicate-Info.plist";
				INSTALL_PATH = "$(HOME)/Applications";
				PRODUCT_NAME = "Crash Symbolicator";
			};
			name = Debug;
		};
		C01FCF4C08A954540054247B /* Release */ = {
			isa = XCBuildConfiguration;
			buildSettings = {
				ALWAYS_SEARCH_USER_PATHS = NO;
				COMBINE_HIDPI_IMAGES = YES;
				DEBUG_INFORMATION_FORMAT = "dwarf-with-dsym";
				GCC_MODEL_TUNING = G5;
				GCC_PRECOMPILE_PREFIX_HEADER = YES;
				GCC_PREFIX_HEADER = CrashSymbolicate_Prefix.pch;
				INFOPLIST_FILE = "CrashSymbolicate-Info.plist";
				INSTALL_PATH = "$(HOME)/Applications";
				PRODUCT_NAME = "Crash Symbolicator";
			};
			name = Release;
		};
		C01FCF4F08A954540054247B /* Debug */ = {
			isa = XCBuildConfiguration;
			buildSettings = {
				GCC_C_LANGUAGE_STANDARD = gnu99;
				GCC_OPTIMIZATION_LEVEL = 0;
				GCC_WARN_ABOUT_RETURN_TYPE = YES;
				GCC_WARN_UNUSED_VARIABLE = YES;
				ONLY_ACTIVE_ARCH = YES;
				PREBINDING = NO;
				SDKROOT = macosx;
			};
			name = Debug;
		};
		C01FCF5008A954540054247B /* Release */ = {
			isa = XCBuildConfiguration;
			buildSettings = {
				GCC_C_LANGUAGE_STANDARD = gnu99;
				GCC_WARN_ABOUT_RETURN_TYPE = YES;
				GCC_WARN_UNUSED_VARIABLE = YES;
				PREBINDING = NO;
				SDKROOT = macosx;
			};
			name = Release;
		};
/* End XCBuildConfiguration section */

/* Begin XCConfigurationList section */
		C01FCF4A08A954540054247B /* Build configuration list for PBXNativeTarget "CrashSymbolicate" */ = {
			isa = XCConfigurationList;
			buildConfigurations = (
				C01FCF4B08A954540054247B /* Debug */,
				C01FCF4C08A954540054247B /* Release */,
			);
			defaultConfigurationIsVisible = 0;
			defaultConfigurationName = Release;
		};
		C01FCF4E08A954540054247B /* Build configuration list for PBXProject "CrashSymbolicate" */ = {
			isa = XCConfigurationList;
			buildConfigurations = (
				C01FCF4F08A954540054247B /* Debug */,
				C01FCF5008A954540054247B /* Release */,
			);
			defaultConfigurationIsVisible = 0;
			defaultConfigurationName = Release;
		};
/* End XCConfigurationList section */
	};
	rootObject = 29B97313FDCFA39411CA2CEA /* Project object */;
}
